
Microsoft Visual Studio Solution File, Format Version 12.00
# Visual Studio Version 16
VisualStudioVersion = 16.0.32901.82
MinimumVisualStudioVersion = 10.0.40219.1
Project("{8BC9CEB8-8B4A-11D0-8D11-00A0C91BC942}") = "0106", "0106.vcxproj", "{9700CB07-0882-4123-96A5-9162F8A3D2DF}"
EndProject
Global
	GlobalSection(SolutionConfigurationPlatforms) = preSolution
		Debug|x64 = Debug|x64
		Debug|x86 = Debug|x86
		Release|x64 = Release|x64
		Release|x86 = Release|x86
	EndGlobalSection
	GlobalSection(ProjectConfigurationPlatforms) = postSolution
		{9700CB07-0882-4123-96A5-9162F8A3D2DF}.Debug|x64.ActiveCfg = Debug|x64
		{9700CB07-0882-4123-96A5-9162F8A3D2DF}.Debug|x64.Build.0 = Debug|x64
		{9700CB07-0882-4123-96A5-9162F8A3D2DF}.Debug|x86.ActiveCfg = Debug|Win32
		{9700CB07-0882-4123-96A5-9162F8A3D2DF}.Debug|x86.Build.0 = Debug|Win32
		{9700CB07-0882-4123-96A5-9162F8A3D2DF}.Release|x64.ActiveCfg = Release|x64
		{9700CB07-0882-4123-96A5-9162F8A3D2DF}.Release|x64.Build.0 = Release|x64
		{9700CB07-0882-4123-96A5-9162F8A3D2DF}.Release|x86.ActiveCfg = Release|Win32
		{9700CB07-0882-4123-96A5-9162F8A3D2DF}.Release|x86.Build.0 = Release|Win32
	EndGlobalSection
	GlobalSection(SolutionProperties) = preSolution
		HideSolutionNode = FALSE
	EndGlobalSection
	GlobalSection(ExtensibilityGlobals) = postSolution
		SolutionGuid = {ABE20AC1-BFFF-44B3-8114-A29B14D511D1}
	EndGlobalSection
EndGlobal
