
Microsoft Visual Studio Solution File, Format Version 12.00
# Visual Studio Version 16
VisualStudioVersion = 16.0.32901.82
MinimumVisualStudioVersion = 10.0.40219.1
Project("{8BC9CEB8-8B4A-11D0-8D11-00A0C91BC942}") = "1112", "1112.vcxproj", "{7EF25123-776F-4AB8-A006-B110B47EFD00}"
EndProject
Global
	GlobalSection(SolutionConfigurationPlatforms) = preSolution
		Debug|x64 = Debug|x64
		Debug|x86 = Debug|x86
		Release|x64 = Release|x64
		Release|x86 = Release|x86
	EndGlobalSection
	GlobalSection(ProjectConfigurationPlatforms) = postSolution
		{7EF25123-776F-4AB8-A006-B110B47EFD00}.Debug|x64.ActiveCfg = Debug|x64
		{7EF25123-776F-4AB8-A006-B110B47EFD00}.Debug|x64.Build.0 = Debug|x64
		{7EF25123-776F-4AB8-A006-B110B47EFD00}.Debug|x86.ActiveCfg = Debug|Win32
		{7EF25123-776F-4AB8-A006-B110B47EFD00}.Debug|x86.Build.0 = Debug|Win32
		{7EF25123-776F-4AB8-A006-B110B47EFD00}.Release|x64.ActiveCfg = Release|x64
		{7EF25123-776F-4AB8-A006-B110B47EFD00}.Release|x64.Build.0 = Release|x64
		{7EF25123-776F-4AB8-A006-B110B47EFD00}.Release|x86.ActiveCfg = Release|Win32
		{7EF25123-776F-4AB8-A006-B110B47EFD00}.Release|x86.Build.0 = Release|Win32
	EndGlobalSection
	GlobalSection(SolutionProperties) = preSolution
		HideSolutionNode = FALSE
	EndGlobalSection
	GlobalSection(ExtensibilityGlobals) = postSolution
		SolutionGuid = {11D5CAEA-66F2-4CE0-91C7-74FA7B588E6D}
	EndGlobalSection
EndGlobal
